
Microsoft Visual Studio Solution File, Format Version 12.00
# Visual Studio Version 17
VisualStudioVersion = 17.6.33829.357
MinimumVisualStudioVersion = 10.0.40219.1
Project("{FAE04EC0-301F-11D3-BF4B-00C04F79EFBC}") = "ÖvergripandeBemanningBro-v3.0.2", "ÖvergripandeBemanningBro-v3.0.2.csproj", "{1D39A826-6669-4899-A18D-D77E5C53ACB2}"
EndProject
Global
	GlobalSection(SolutionConfigurationPlatforms) = preSolution
		Debug|Any CPU = Debug|Any CPU
		Release|Any CPU = Release|Any CPU
	EndGlobalSection
	GlobalSection(ProjectConfigurationPlatforms) = postSolution
		{1D39A826-6669-4899-A18D-D77E5C53ACB2}.Debug|Any CPU.ActiveCfg = Debug|Any CPU
		{1D39A826-6669-4899-A18D-D77E5C53ACB2}.Debug|Any CPU.Build.0 = Debug|Any CPU
		{1D39A826-6669-4899-A18D-D77E5C53ACB2}.Release|Any CPU.ActiveCfg = Release|Any CPU
		{1D39A826-6669-4899-A18D-D77E5C53ACB2}.Release|Any CPU.Build.0 = Release|Any CPU
	EndGlobalSection
	GlobalSection(SolutionProperties) = preSolution
		HideSolutionNode = FALSE
	EndGlobalSection
	GlobalSection(ExtensibilityGlobals) = postSolution
		SolutionGuid = {37A2F4AA-9CB7-465A-BEE6-D616F870D0DE}
	EndGlobalSection
EndGlobal
